{
  "version": 4,
  "terraform_version": "1.6.6",
  "serial": 243,
  "lineage": "f0db3f80-313a-bb2e-cc2c-dbb195a6560c",
  "outputs": {
    "database_output": {
      "value": "mysql://doadmin:AVNS_mBuX7NW2FK8hZoFygoB@enchantech-codex-cluster-tf-do-user-12948347-0.c.db.ondigitalocean.com:25060/defaultdb?ssl-mode=REQUIRED",
      "type": "string",
      "sensitive": true
    }
  },
  "resources": [
    {
      "mode": "data",
      "type": "digitalocean_database_cluster",
      "name": "cluster-data",
      "provider": "provider[\"registry.terraform.io/digitalocean/digitalocean\"]",
      "instances": [
        {
          "schema_version": 0,
          "attributes": {
            "database": "defaultdb",
            "engine": "mysql",
            "host": "enchantech-codex-cluster-tf-do-user-12948347-0.c.db.ondigitalocean.com",
            "id": "e3a62b3d-7030-4f27-8f6d-fb14aeb56ade",
            "maintenance_window": null,
            "name": "enchantech-codex-cluster-tf",
            "node_count": 1,
            "password": "AVNS_mBuX7NW2FK8hZoFygoB",
            "port": 25060,
            "private_host": "private-enchantech-codex-cluster-tf-do-user-12948347-0.c.db.ondigitalocean.com",
            "private_network_uuid": "dd7c698d-f86d-4485-aece-d6124e807400",
            "private_uri": "mysql://doadmin:AVNS_mBuX7NW2FK8hZoFygoB@private-enchantech-codex-cluster-tf-do-user-12948347-0.c.db.ondigitalocean.com:25060/defaultdb?ssl-mode=REQUIRED",
            "project_id": "c655c9cf-b187-4693-a92a-c4f3ddf4c65d",
            "region": "nyc1",
            "size": "db-s-1vcpu-1gb",
            "storage_size_mib": "10240",
            "tags": [],
            "uri": "mysql://doadmin:AVNS_mBuX7NW2FK8hZoFygoB@enchantech-codex-cluster-tf-do-user-12948347-0.c.db.ondigitalocean.com:25060/defaultdb?ssl-mode=REQUIRED",
            "urn": "do:dbaas:e3a62b3d-7030-4f27-8f6d-fb14aeb56ade",
            "user": "doadmin",
            "version": "8"
          },
          "sensitive_attributes": []
        }
      ]
    },
    {
      "mode": "data",
      "type": "template_file",
      "name": "env",
      "provider": "provider[\"registry.terraform.io/hashicorp/template\"]",
      "instances": [
        {
          "schema_version": 0,
          "attributes": {
            "filename": null,
            "id": "da1836f1a66b5ccdd87f2d122a2a4f79f8880c36fbb7efc63e7177908731ab21",
            "rendered": "DATABASE_URI=mysql://doadmin:AVNS_mBuX7NW2FK8hZoFygoB@enchantech-codex-cluster-tf-do-user-12948347-0.c.db.ondigitalocean.com:25060/defaultdb?ssl-mode=REQUIRED",
            "template": "DATABASE_URI=${database_uri}",
            "vars": {
              "database_uri": "mysql://doadmin:AVNS_mBuX7NW2FK8hZoFygoB@enchantech-codex-cluster-tf-do-user-12948347-0.c.db.ondigitalocean.com:25060/defaultdb?ssl-mode=REQUIRED"
            }
          },
          "sensitive_attributes": [
            [
              {
                "type": "get_attr",
                "value": "vars"
              },
              {
                "type": "index",
                "value": {
                  "value": "database_uri",
                  "type": "string"
                }
              }
            ]
          ]
        }
      ]
    },
    {
      "mode": "managed",
      "type": "digitalocean_container_registry",
      "name": "enchantech-codex-registry",
      "provider": "provider[\"registry.terraform.io/digitalocean/digitalocean\"]",
      "instances": [
        {
          "schema_version": 0,
          "attributes": {
            "created_at": "2024-01-10 18:00:34 +0000 UTC",
            "endpoint": "registry.digitalocean.com/enchantech-codex-registry",
            "id": "enchantech-codex-registry",
            "name": "enchantech-codex-registry",
            "region": "sfo2",
            "server_url": "registry.digitalocean.com",
            "storage_usage_bytes": 0,
            "subscription_tier_slug": "starter"
          },
          "sensitive_attributes": [],
          "private": "bnVsbA=="
        }
      ]
    },
    {
      "mode": "managed",
      "type": "digitalocean_database_cluster",
      "name": "enchantech-codex-cluster",
      "provider": "provider[\"registry.terraform.io/digitalocean/digitalocean\"]",
      "instances": [
        {
          "schema_version": 0,
          "attributes": {
            "backup_restore": [],
            "database": "defaultdb",
            "engine": "mysql",
            "eviction_policy": null,
            "host": "enchantech-codex-cluster-tf-do-user-12948347-0.c.db.ondigitalocean.com",
            "id": "e3a62b3d-7030-4f27-8f6d-fb14aeb56ade",
            "maintenance_window": [],
            "name": "enchantech-codex-cluster-tf",
            "node_count": 1,
            "password": "AVNS_mBuX7NW2FK8hZoFygoB",
            "port": 25060,
            "private_host": "private-enchantech-codex-cluster-tf-do-user-12948347-0.c.db.ondigitalocean.com",
            "private_network_uuid": "dd7c698d-f86d-4485-aece-d6124e807400",
            "private_uri": "mysql://doadmin:AVNS_mBuX7NW2FK8hZoFygoB@private-enchantech-codex-cluster-tf-do-user-12948347-0.c.db.ondigitalocean.com:25060/defaultdb?ssl-mode=REQUIRED",
            "project_id": "c655c9cf-b187-4693-a92a-c4f3ddf4c65d",
            "region": "nyc1",
            "size": "db-s-1vcpu-1gb",
            "sql_mode": null,
            "storage_size_mib": "10240",
            "tags": [],
            "timeouts": null,
            "uri": "mysql://doadmin:AVNS_mBuX7NW2FK8hZoFygoB@enchantech-codex-cluster-tf-do-user-12948347-0.c.db.ondigitalocean.com:25060/defaultdb?ssl-mode=REQUIRED",
            "urn": "do:dbaas:e3a62b3d-7030-4f27-8f6d-fb14aeb56ade",
            "user": "doadmin",
            "version": "8"
          },
          "sensitive_attributes": [],
          "private": "eyJlMmJmYjczMC1lY2FhLTExZTYtOGY4OC0zNDM2M2JjN2M0YzAiOnsiY3JlYXRlIjoxODAwMDAwMDAwMDAwfX0="
        }
      ]
    },
    {
      "mode": "managed",
      "type": "local_file",
      "name": "env_file",
      "provider": "provider[\"registry.terraform.io/hashicorp/local\"]",
      "instances": [
        {
          "schema_version": 0,
          "attributes": {
            "content": "DATABASE_URI=mysql://doadmin:AVNS_mBuX7NW2FK8hZoFygoB@enchantech-codex-cluster-tf-do-user-12948347-0.c.db.ondigitalocean.com:25060/defaultdb?ssl-mode=REQUIRED",
            "content_base64": null,
            "content_base64sha256": "2hg28aZrXM3Yfy0SKipPefiIDDb7t+/GPnF3kIcxqyE=",
            "content_base64sha512": "Oi8ZIuBJ9Gyf1EakJxv1BWO/nk/JFmJOJ9v/BJJl1H59Gjvb5WN/Tk5L+nymVjkHQv1PYawiGwTlaWbsAnOeTw==",
            "content_md5": "82364a37cd54fa78bbb50d50cd61a3ae",
            "content_sha1": "38b7d7f202103348cf42b50c2a876f252c36f368",
            "content_sha256": "da1836f1a66b5ccdd87f2d122a2a4f79f8880c36fbb7efc63e7177908731ab21",
            "content_sha512": "3a2f1922e049f46c9fd446a4271bf50563bf9e4fc916624e27dbff049265d47e7d1a3bdbe5637f4e4e4bfa7ca656390742fd4f61ac221b04e56966ec02739e4f",
            "directory_permission": "0777",
            "file_permission": "0777",
            "filename": "./.env",
            "id": "38b7d7f202103348cf42b50c2a876f252c36f368",
            "sensitive_content": null,
            "source": null
          },
          "sensitive_attributes": [],
          "dependencies": [
            "data.digitalocean_database_cluster.cluster-data",
            "data.template_file.env",
            "digitalocean_database_cluster.enchantech-codex-cluster"
          ]
        }
      ]
    },
    {
      "mode": "managed",
      "type": "null_resource",
      "name": "enchantech-codex-packaging",
      "provider": "provider[\"registry.terraform.io/hashicorp/null\"]",
      "instances": [
        {
          "status": "tainted",
          "schema_version": 0,
          "attributes": {
            "id": "1267337680390671635",
            "triggers": {
              "run_at": "2024-01-10T21:00:16Z"
            }
          },
          "sensitive_attributes": [],
          "dependencies": [
            "digitalocean_container_registry.enchantech-codex-registry"
          ]
        }
      ]
    }
  ],
  "check_results": null
}
